
Microsoft Visual Studio Solution File, Format Version 12.00
# Visual Studio 14
VisualStudioVersion = 14.0.25123.0
MinimumVisualStudioVersion = 10.0.40219.1
Project("{FAE04EC0-301F-11D3-BF4B-00C04F79EFBC}") = "Simple", "Simple\Simple.csproj", "{7E93B679-BFD0-4EFC-91B5-6B7530B1316A}"
EndProject
Project("{FAE04EC0-301F-11D3-BF4B-00C04F79EFBC}") = "WebApi", "WebApi\WebApi.csproj", "{B10D907A-B836-4C69-A2AB-E9052C16B1BB}"
EndProject
Project("{FAE04EC0-301F-11D3-BF4B-00C04F79EFBC}") = "ConsoleClient", "ConsoleClient\ConsoleClient.csproj", "{39D73C15-6048-4C45-A58A-27BCAADA221F}"
EndProject
Global
	GlobalSection(SolutionConfigurationPlatforms) = preSolution
		Debug|Any CPU = Debug|Any CPU
		Release|Any CPU = Release|Any CPU
	EndGlobalSection
	GlobalSection(ProjectConfigurationPlatforms) = postSolution
		{7E93B679-BFD0-4EFC-91B5-6B7530B1316A}.Debug|Any CPU.ActiveCfg = Debug|Any CPU
		{7E93B679-BFD0-4EFC-91B5-6B7530B1316A}.Debug|Any CPU.Build.0 = Debug|Any CPU
		{7E93B679-BFD0-4EFC-91B5-6B7530B1316A}.Release|Any CPU.ActiveCfg = Release|Any CPU
		{7E93B679-BFD0-4EFC-91B5-6B7530B1316A}.Release|Any CPU.Build.0 = Release|Any CPU
		{B10D907A-B836-4C69-A2AB-E9052C16B1BB}.Debug|Any CPU.ActiveCfg = Debug|Any CPU
		{B10D907A-B836-4C69-A2AB-E9052C16B1BB}.Debug|Any CPU.Build.0 = Debug|Any CPU
		{B10D907A-B836-4C69-A2AB-E9052C16B1BB}.Release|Any CPU.ActiveCfg = Release|Any CPU
		{B10D907A-B836-4C69-A2AB-E9052C16B1BB}.Release|Any CPU.Build.0 = Release|Any CPU
		{39D73C15-6048-4C45-A58A-27BCAADA221F}.Debug|Any CPU.ActiveCfg = Debug|Any CPU
		{39D73C15-6048-4C45-A58A-27BCAADA221F}.Debug|Any CPU.Build.0 = Debug|Any CPU
		{39D73C15-6048-4C45-A58A-27BCAADA221F}.Release|Any CPU.ActiveCfg = Release|Any CPU
		{39D73C15-6048-4C45-A58A-27BCAADA221F}.Release|Any CPU.Build.0 = Release|Any CPU
	EndGlobalSection
	GlobalSection(SolutionProperties) = preSolution
		HideSolutionNode = FALSE
	EndGlobalSection
EndGlobal
